{
  "name": "procedural-creature-workshop",
  "lockfileVersion": 3,
  "requires": true,
  "packages": {
    "": {
      "name": "procedural-creature-workshop",
      "devDependencies": {
        "three": "^0.184.0",
        "three-mesh-bvh": "^0.9.0"
      }
    },
    "node_modules/three": {
      "version": "0.184.0",
      "resolved": "https://registry.npmjs.org/three/-/three-0.184.0.tgz",
      "integrity": "sha512-wtTRjG92pM5eUg/KuUnHsqSAlPM296brTOcLgMRqEeylYTh/CdtvKUvCyyCQTzFuStieWxvZb8mVTMvdPyUpxg==",
      "dev": true
    },
    "node_modules/three-mesh-bvh": {
      "version": "0.9.0",
      "resolved": "https://registry.npmjs.org/three-mesh-bvh/-/three-mesh-bvh-0.9.0.tgz",
      "integrity": "sha512-xAwZj0hZknpwVsdK5BBJTIAZDjDPZCRzURY1o+z/JHBON/jc2UetK1CzPeQZiiOVSfI4jV2z7sXnnGtgsgnjaA==",
      "dev": true,
      "license": "MIT",
      "peerDependencies": {
        "three": ">= 0.159.0"
      }
    }
  }
}
